
Microsoft Visual Studio Solution File, Format Version 12.00
# Visual Studio Version 16
VisualStudioVersion = 16.0.30523.141
MinimumVisualStudioVersion = 10.0.40219.1
Project("{FAE04EC0-301F-11D3-BF4B-00C04F79EFBC}") = "WindowsFormsApp4", "WindowsFormsApp4\WindowsFormsApp4.csproj", "{92B59781-DA6B-4CBF-A33E-6390C404211B}"
EndProject
Global
	GlobalSection(SolutionConfigurationPlatforms) = preSolution
		Debug|Any CPU = Debug|Any CPU
		Release|Any CPU = Release|Any CPU
	EndGlobalSection
	GlobalSection(ProjectConfigurationPlatforms) = postSolution
		{92B59781-DA6B-4CBF-A33E-6390C404211B}.Debug|Any CPU.ActiveCfg = Debug|Any CPU
		{92B59781-DA6B-4CBF-A33E-6390C404211B}.Debug|Any CPU.Build.0 = Debug|Any CPU
		{92B59781-DA6B-4CBF-A33E-6390C404211B}.Release|Any CPU.ActiveCfg = Release|Any CPU
		{92B59781-DA6B-4CBF-A33E-6390C404211B}.Release|Any CPU.Build.0 = Release|Any CPU
	EndGlobalSection
	GlobalSection(SolutionProperties) = preSolution
		HideSolutionNode = FALSE
	EndGlobalSection
	GlobalSection(ExtensibilityGlobals) = postSolution
		SolutionGuid = {21581E18-9D9E-4437-9B8B-82EC77565D2E}
	EndGlobalSection
EndGlobal
